
Microsoft Visual Studio Solution File, Format Version 12.00
# Visual Studio Version 16
VisualStudioVersion = 16.0.30907.101
MinimumVisualStudioVersion = 10.0.40219.1
Project("{9A19103F-16F7-4668-BE54-9A1E7A4F7556}") = "MyGameSystem", "MyGameSystem\MyGameSystem.csproj", "{D1E3BFA9-0364-4015-8CEF-7D0975476C0C}"
EndProject
Global
	GlobalSection(SolutionConfigurationPlatforms) = preSolution
		Debug|Any CPU = Debug|Any CPU
		Release|Any CPU = Release|Any CPU
	EndGlobalSection
	GlobalSection(ProjectConfigurationPlatforms) = postSolution
		{D1E3BFA9-0364-4015-8CEF-7D0975476C0C}.Debug|Any CPU.ActiveCfg = Debug|Any CPU
		{D1E3BFA9-0364-4015-8CEF-7D0975476C0C}.Debug|Any CPU.Build.0 = Debug|Any CPU
		{D1E3BFA9-0364-4015-8CEF-7D0975476C0C}.Release|Any CPU.ActiveCfg = Release|Any CPU
		{D1E3BFA9-0364-4015-8CEF-7D0975476C0C}.Release|Any CPU.Build.0 = Release|Any CPU
	EndGlobalSection
	GlobalSection(SolutionProperties) = preSolution
		HideSolutionNode = FALSE
	EndGlobalSection
	GlobalSection(ExtensibilityGlobals) = postSolution
		SolutionGuid = {04B584E7-F34F-4A0A-B25A-FB06E0C0E9CB}
	EndGlobalSection
EndGlobal
